
Microsoft Visual Studio Solution File, Format Version 12.00
# Visual Studio Version 16
VisualStudioVersion = 16.0.30002.166
MinimumVisualStudioVersion = 10.0.40219.1
Project("{FAE04EC0-301F-11D3-BF4B-00C04F79EFBC}") = "RDR2PicConv", "RDR2PicConv\RDR2PicConv.csproj", "{BA83A6F5-A05C-4452-9E41-BA37C3B28EB6}"
EndProject
Global
	GlobalSection(SolutionConfigurationPlatforms) = preSolution
		Debug|Any CPU = Debug|Any CPU
		Release|Any CPU = Release|Any CPU
	EndGlobalSection
	GlobalSection(ProjectConfigurationPlatforms) = postSolution
		{BA83A6F5-A05C-4452-9E41-BA37C3B28EB6}.Debug|Any CPU.ActiveCfg = Debug|Any CPU
		{BA83A6F5-A05C-4452-9E41-BA37C3B28EB6}.Debug|Any CPU.Build.0 = Debug|Any CPU
		{BA83A6F5-A05C-4452-9E41-BA37C3B28EB6}.Release|Any CPU.ActiveCfg = Release|Any CPU
		{BA83A6F5-A05C-4452-9E41-BA37C3B28EB6}.Release|Any CPU.Build.0 = Release|Any CPU
	EndGlobalSection
	GlobalSection(SolutionProperties) = preSolution
		HideSolutionNode = FALSE
	EndGlobalSection
	GlobalSection(ExtensibilityGlobals) = postSolution
		SolutionGuid = {37ADA370-7AB5-40FE-9AB5-E97582DFB4B8}
	EndGlobalSection
EndGlobal
